// !$*UTF8*$!
{
	archiveVersion = 1;
	classes = {
	};
	objectVersion = 46;
	objects = {

/* Begin PBXBuildFile section */
		54AFBA321A59FB570077AD88 /* AppDelegate.swift in Sources */ = {isa = PBXBuildFile; fileRef = 54AFBA311A59FB570077AD88 /* AppDelegate.swift */; };
		54AFBA341A59FB570077AD88 /* ViewController.swift in Sources */ = {isa = PBXBuildFile; fileRef = 54AFBA331A59FB570077AD88 /* ViewController.swift */; };
		54AFBA371A59FB570077AD88 /* Main.storyboard in Resources */ = {isa = PBXBuildFile; fileRef = 54AFBA351A59FB570077AD88 /* Main.storyboard */; };
		54AFBA391A59FB570077AD88 /* Images.xcassets in Resources */ = {isa = PBXBuildFile; fileRef = 54AFBA381A59FB570077AD88 /* Images.xcassets */; };
		54AFBA3C1A59FB570077AD88 /* LaunchScreen.xib in Resources */ = {isa = PBXBuildFile; fileRef = 54AFBA3A1A59FB570077AD88 /* LaunchScreen.xib */; };
		54AFBA481A59FB570077AD88 /* ASRadialTests.swift in Sources */ = {isa = PBXBuildFile; fileRef = 54AFBA471A59FB570077AD88 /* ASRadialTests.swift */; };
/* End PBXBuildFile section */

/* Begin PBXContainerItemProxy section */
		54AFBA421A59FB570077AD88 /* PBXContainerItemProxy */ = {
			isa = PBXContainerItemProxy;
			containerPortal = 54AFBA241A59FB560077AD88 /* Project object */;
			proxyType = 1;
			remoteGlobalIDString = 54AFBA2B1A59FB560077AD88;
			remoteInfo = ASRadial;
		};
/* End PBXContainerItemProxy section */

/* Begin PBXFileReference section */
		54AFBA2C1A59FB560077AD88 /* ASRadial.app */ = {isa = PBXFileReference; explicitFileType = wrapper.application; includeInIndex = 0; path = ASRadial.app; sourceTree = BUILT_PRODUCTS_DIR; };
		54AFBA301A59FB570077AD88 /* Info.plist */ = {isa = PBXFileReference; lastKnownFileType = text.plist.xml; path = Info.plist; sourceTree = "<group>"; };
		54AFBA311A59FB570077AD88 /* AppDelegate.swift */ = {isa = PBXFileReference; lastKnownFileType = sourcecode.swift; path = AppDelegate.swift; sourceTree = "<group>"; };
		54AFBA331A59FB570077AD88 /* ViewController.swift */ = {isa = PBXFileReference; lastKnownFileType = sourcecode.swift; path = ViewController.swift; sourceTree = "<group>"; };
		54AFBA361A59FB570077AD88 /* Base */ = {isa = PBXFileReference; lastKnownFileType = file.storyboard; name = Base; path = Base.lproj/Main.storyboard; sourceTree = "<group>"; };
		54AFBA381A59FB570077AD88 /* Images.xcassets */ = {isa = PBXFileReference; lastKnownFileType = folder.assetcatalog; path = Images.xcassets; sourceTree = "<group>"; };
		54AFBA3B1A59FB570077AD88 /* Base */ = {isa = PBXFileReference; lastKnownFileType = file.xib; name = Base; path = Base.lproj/LaunchScreen.xib; sourceTree = "<group>"; };
		54AFBA411A59FB570077AD88 /* ASRadialTests.xctest */ = {isa = PBXFileReference; explicitFileType = wrapper.cfbundle; includeInIndex = 0; path = ASRadialTests.xctest; sourceTree = BUILT_PRODUCTS_DIR; };
		54AFBA461A59FB570077AD88 /* Info.plist */ = {isa = PBXFileReference; lastKnownFileType = text.plist.xml; path = Info.plist; sourceTree = "<group>"; };
		54AFBA471A59FB570077AD88 /* ASRadialTests.swift */ = {isa = PBXFileReference; lastKnownFileType = sourcecode.swift; path = ASRadialTests.swift; sourceTree = "<group>"; };
/* End PBXFileReference section */

/* Begin PBXFrameworksBuildPhase section */
		54AFBA291A59FB560077AD88 /* Frameworks */ = {
			isa = PBXFrameworksBuildPhase;
			buildActionMask = 2147483647;
			files = (
			);
			runOnlyForDeploymentPostprocessing = 0;
		};
		54AFBA3E1A59FB570077AD88 /* Frameworks */ = {
			isa = PBXFrameworksBuildPhase;
			buildActionMask = 2147483647;
			files = (
			);
			runOnlyForDeploymentPostprocessing = 0;
		};
/* End PBXFrameworksBuildPhase section */

/* Begin PBXGroup section */
		54AFBA231A59FB560077AD88 = {
			isa = PBXGroup;
			children = (
				54AFBA2E1A59FB570077AD88 /* ASRadial */,
				54AFBA441A59FB570077AD88 /* ASRadialTests */,
				54AFBA2D1A59FB560077AD88 /* Products */,
			);
			sourceTree = "<group>";
		};
		54AFBA2D1A59FB560077AD88 /* Products */ = {
			isa = PBXGroup;
			children = (
				54AFBA2C1A59FB560077AD88 /* ASRadial.app */,
				54AFBA411A59FB570077AD88 /* ASRadialTests.xctest */,
			);
			name = Products;
			sourceTree = "<group>";
		};
		54AFBA2E1A59FB570077AD88 /* ASRadial */ = {
			isa = PBXGroup;
			children = (
				54AFBA311A59FB570077AD88 /* AppDelegate.swift */,
				54AFBA331A59FB570077AD88 /* ViewController.swift */,
				54AFBA351A59FB570077AD88 /* Main.storyboard */,
				54AFBA381A59FB570077AD88 /* Images.xcassets */,
				54AFBA3A1A59FB570077AD88 /* LaunchScreen.xib */,
				54AFBA2F1A59FB570077AD88 /* Supporting Files */,
			);
			path = ASRadial;
			sourceTree = "<group>";
		};
		54AFBA2F1A59FB570077AD88 /* Supporting Files */ = {
			isa = PBXGroup;
			children = (
				54AFBA301A59FB570077AD88 /* Info.plist */,
			);
			name = "Supporting Files";
			sourceTree = "<group>";
		};
		54AFBA441A59FB570077AD88 /* ASRadialTests */ = {
			isa = PBXGroup;
			children = (
				54AFBA471A59FB570077AD88 /* ASRadialTests.swift */,
				54AFBA451A59FB570077AD88 /* Supporting Files */,
			);
			path = ASRadialTests;
			sourceTree = "<group>";
		};
		54AFBA451A59FB570077AD88 /* Supporting Files */ = {
			isa = PBXGroup;
			children = (
				54AFBA461A59FB570077AD88 /* Info.plist */,
			);
			name = "Supporting Files";
			sourceTree = "<group>";
		};
/* End PBXGroup section */

/* Begin PBXNativeTarget section */
		54AFBA2B1A59FB560077AD88 /* ASRadial */ = {
			isa = PBXNativeTarget;
			buildConfigurationList = 54AFBA4B1A59FB570077AD88 /* Build configuration list for PBXNativeTarget "ASRadial" */;
			buildPhases = (
				54AFBA281A59FB560077AD88 /* Sources */,
				54AFBA291A59FB560077AD88 /* Frameworks */,
				54AFBA2A1A59FB560077AD88 /* Resources */,
			);
			buildRules = (
			);
			dependencies = (
			);
			name = ASRadial;
			productName = ASRadial;
			productReference = 54AFBA2C1A59FB560077AD88 /* ASRadial.app */;
			productType = "com.apple.product-type.application";
		};
		54AFBA401A59FB570077AD88 /* ASRadialTests */ = {
			isa = PBXNativeTarget;
			buildConfigurationList = 54AFBA4E1A59FB570077AD88 /* Build configuration list for PBXNativeTarget "ASRadialTests" */;
			buildPhases = (
				54AFBA3D1A59FB570077AD88 /* Sources */,
				54AFBA3E1A59FB570077AD88 /* Frameworks */,
				54AFBA3F1A59FB570077AD88 /* Resources */,
			);
			buildRules = (
			);
			dependencies = (
				54AFBA431A59FB570077AD88 /* PBXTargetDependency */,
			);
			name = ASRadialTests;
			productName = ASRadialTests;
			productReference = 54AFBA411A59FB570077AD88 /* ASRadialTests.xctest */;
			productType = "com.apple.product-type.bundle.unit-test";
		};
/* End PBXNativeTarget section */

/* Begin PBXProject section */
		54AFBA241A59FB560077AD88 /* Project object */ = {
			isa = PBXProject;
			attributes = {
				LastUpgradeCheck = 0610;
				ORGANIZATIONNAME = alperSenyurt;
				TargetAttributes = {
					54AFBA2B1A59FB560077AD88 = {
						CreatedOnToolsVersion = 6.1.1;
					};
					54AFBA401A59FB570077AD88 = {
						CreatedOnToolsVersion = 6.1.1;
						TestTargetID = 54AFBA2B1A59FB560077AD88;
					};
				};
			};
			buildConfigurationList = 54AFBA271A59FB560077AD88 /* Build configuration list for PBXProject "ASRadial" */;
			compatibilityVersion = "Xcode 3.2";
			developmentRegion = English;
			hasScannedForEncodings = 0;
			knownRegions = (
				en,
				Base,
			);
			mainGroup = 54AFBA231A59FB560077AD88;
			productRefGroup = 54AFBA2D1A59FB560077AD88 /* Products */;
			projectDirPath = "";
			projectRoot = "";
			targets = (
				54AFBA2B1A59FB560077AD88 /* ASRadial */,
				54AFBA401A59FB570077AD88 /* ASRadialTests */,
			);
		};
/* End PBXProject section */

/* Begin PBXResourcesBuildPhase section */
		54AFBA2A1A59FB560077AD88 /* Resources */ = {
			isa = PBXResourcesBuildPhase;
			buildActionMask = 2147483647;
			files = (
				54AFBA371A59FB570077AD88 /* Main.storyboard in Resources */,
				54AFBA3C1A59FB570077AD88 /* LaunchScreen.xib in Resources */,
				54AFBA391A59FB570077AD88 /* Images.xcassets in Resources */,
			);
			runOnlyForDeploymentPostprocessing = 0;
		};
		54AFBA3F1A59FB570077AD88 /* Resources */ = {
			isa = PBXResourcesBuildPhase;
			buildActionMask = 2147483647;
			files = (
			);
			runOnlyForDeploymentPostprocessing = 0;
		};
/* End PBXResourcesBuildPhase section */

/* Begin PBXSourcesBuildPhase section */
		54AFBA281A59FB560077AD88 /* Sources */ = {
			isa = PBXSourcesBuildPhase;
			buildActionMask = 2147483647;
			files = (
				54AFBA341A59FB570077AD88 /* ViewController.swift in Sources */,
				54AFBA321A59FB570077AD88 /* AppDelegate.swift in Sources */,
			);
			runOnlyForDeploymentPostprocessing = 0;
		};
		54AFBA3D1A59FB570077AD88 /* Sources */ = {
			isa = PBXSourcesBuildPhase;
			buildActionMask = 2147483647;
			files = (
				54AFBA481A59FB570077AD88 /* ASRadialTests.swift in Sources */,
			);
			runOnlyForDeploymentPostprocessing = 0;
		};
/* End PBXSourcesBuildPhase section */

/* Begin PBXTargetDependency section */
		54AFBA431A59FB570077AD88 /* PBXTargetDependency */ = {
			isa = PBXTargetDependency;
			target = 54AFBA2B1A59FB560077AD88 /* ASRadial */;
			targetProxy = 54AFBA421A59FB570077AD88 /* PBXContainerItemProxy */;
		};
/* End PBXTargetDependency section */

/* Begin PBXVariantGroup section */
		54AFBA351A59FB570077AD88 /* Main.storyboard */ = {
			isa = PBXVariantGroup;
			children = (
				54AFBA361A59FB570077AD88 /* Base */,
			);
			name = Main.storyboard;
			sourceTree = "<group>";
		};
		54AFBA3A1A59FB570077AD88 /* LaunchScreen.xib */ = {
			isa = PBXVariantGroup;
			children = (
				54AFBA3B1A59FB570077AD88 /* Base */,
			);
			name = LaunchScreen.xib;
			sourceTree = "<group>";
		};
/* End PBXVariantGroup section */

/* Begin XCBuildConfiguration section */
		54AFBA491A59FB570077AD88 /* Debug */ = {
			isa = XCBuildConfiguration;
			buildSettings = {
				ALWAYS_SEARCH_USER_PATHS = NO;
				CLANG_CXX_LANGUAGE_STANDARD = "gnu++0x";
				CLANG_CXX_LIBRARY = "libc++";
				CLANG_ENABLE_MODULES = YES;
				CLANG_ENABLE_OBJC_ARC = YES;
				CLANG_WARN_BOOL_CONVERSION = YES;
				CLANG_WARN_CONSTANT_CONVERSION = YES;
				CLANG_WARN_DIRECT_OBJC_ISA_USAGE = YES_ERROR;
				CLANG_WARN_EMPTY_BODY = YES;
				CLANG_WARN_ENUM_CONVERSION = YES;
				CLANG_WARN_INT_CONVERSION = YES;
				CLANG_WARN_OBJC_ROOT_CLASS = YES_ERROR;
				CLANG_WARN_UNREACHABLE_CODE = YES;
				CLANG_WARN__DUPLICATE_METHOD_MATCH = YES;
				"CODE_SIGN_IDENTITY[sdk=iphoneos*]" = "iPhone Developer";
				COPY_PHASE_STRIP = NO;
				ENABLE_STRICT_OBJC_MSGSEND = YES;
				GCC_C_LANGUAGE_STANDARD = gnu99;
				GCC_DYNAMIC_NO_PIC = NO;
				GCC_OPTIMIZATION_LEVEL = 0;
				GCC_PREPROCESSOR_DEFINITIONS = (
					"DEBUG=1",
					"$(inherited)",
				);
				GCC_SYMBOLS_PRIVATE_EXTERN = NO;
				GCC_WARN_64_TO_32_BIT_CONVERSION = YES;
				GCC_WARN_ABOUT_RETURN_TYPE = YES_ERROR;
				GCC_WARN_UNDECLARED_SELECTOR = YES;
				GCC_WARN_UNINITIALIZED_AUTOS = YES_AGGRESSIVE;
				GCC_WARN_UNUSED_FUNCTION = YES;
				GCC_WARN_UNUSED_VARIABLE = YES;
				IPHONEOS_DEPLOYMENT_TARGET = 8.1;
				MTL_ENABLE_DEBUG_INFO = YES;
				ONLY_ACTIVE_ARCH = YES;
				SDKROOT = iphoneos;
				SWIFT_OPTIMIZATION_LEVEL = "-Onone";
			};
			name = Debug;
		};
		54AFBA4A1A59FB570077AD88 /* Release */ = {
			isa = XCBuildConfiguration;
			buildSettings = {
				ALWAYS_SEARCH_USER_PATHS = NO;
				CLANG_CXX_LANGUAGE_STANDARD = "gnu++0x";
				CLANG_CXX_LIBRARY = "libc++";
				CLANG_ENABLE_MODULES = YES;
				CLANG_ENABLE_OBJC_ARC = YES;
				CLANG_WARN_BOOL_CONVERSION = YES;
				CLANG_WARN_CONSTANT_CONVERSION = YES;
				CLANG_WARN_DIRECT_OBJC_ISA_USAGE = YES_ERROR;
				CLANG_WARN_EMPTY_BODY = YES;
				CLANG_WARN_ENUM_CONVERSION = YES;
				CLANG_WARN_INT_CONVERSION = YES;
				CLANG_WARN_OBJC_ROOT_CLASS = YES_ERROR;
				CLANG_WARN_UNREACHABLE_CODE = YES;
				CLANG_WARN__DUPLICATE_METHOD_MATCH = YES;
				"CODE_SIGN_IDENTITY[sdk=iphoneos*]" = "iPhone Developer";
				COPY_PHASE_STRIP = YES;
				ENABLE_NS_ASSERTIONS = NO;
				ENABLE_STRICT_OBJC_MSGSEND = YES;
				GCC_C_LANGUAGE_STANDARD = gnu99;
				GCC_WARN_64_TO_32_BIT_CONVERSION = YES;
				GCC_WARN_ABOUT_RETURN_TYPE = YES_ERROR;
				GCC_WARN_UNDECLARED_SELECTOR = YES;
				GCC_WARN_UNINITIALIZED_AUTOS = YES_AGGRESSIVE;
				GCC_WARN_UNUSED_FUNCTION = YES;
				GCC_WARN_UNUSED_VARIABLE = YES;
				IPHONEOS_DEPLOYMENT_TARGET = 8.1;
				MTL_ENABLE_DEBUG_INFO = NO;
				SDKROOT = iphoneos;
				VALIDATE_PRODUCT = YES;
			};
			name = Release;
		};
		54AFBA4C1A59FB570077AD88 /* Debug */ = {
			isa = XCBuildConfiguration;
			buildSettings = {
				ASSETCATALOG_COMPILER_APPICON_NAME = AppIcon;
				INFOPLIST_FILE = ASRadial/Info.plist;
				LD_RUNPATH_SEARCH_PATHS = "$(inherited) @executable_path/Frameworks";
				PRODUCT_NAME = "$(TARGET_NAME)";
			};
			name = Debug;
		};
		54AFBA4D1A59FB570077AD88 /* Release */ = {
			isa = XCBuildConfiguration;
			buildSettings = {
				ASSETCATALOG_COMPILER_APPICON_NAME = AppIcon;
				INFOPLIST_FILE = ASRadial/Info.plist;
				LD_RUNPATH_SEARCH_PATHS = "$(inherited) @executable_path/Frameworks";
				PRODUCT_NAME = "$(TARGET_NAME)";
			};
			name = Release;
		};
		54AFBA4F1A59FB570077AD88 /* Debug */ = {
			isa = XCBuildConfiguration;
			buildSettings = {
				BUNDLE_LOADER = "$(TEST_HOST)";
				FRAMEWORK_SEARCH_PATHS = (
					"$(SDKROOT)/Developer/Library/Frameworks",
					"$(inherited)",
				);
				GCC_PREPROCESSOR_DEFINITIONS = (
					"DEBUG=1",
					"$(inherited)",
				);
				INFOPLIST_FILE = ASRadialTests/Info.plist;
				LD_RUNPATH_SEARCH_PATHS = "$(inherited) @executable_path/Frameworks @loader_path/Frameworks";
				PRODUCT_NAME = "$(TARGET_NAME)";
				TEST_HOST = "$(BUILT_PRODUCTS_DIR)/ASRadial.app/ASRadial";
			};
			name = Debug;
		};
		54AFBA501A59FB570077AD88 /* Release */ = {
			isa = XCBuildConfiguration;
			buildSettings = {
				BUNDLE_LOADER = "$(TEST_HOST)";
				FRAMEWORK_SEARCH_PATHS = (
					"$(SDKROOT)/Developer/Library/Frameworks",
					"$(inherited)",
				);
				INFOPLIST_FILE = ASRadialTests/Info.plist;
				LD_RUNPATH_SEARCH_PATHS = "$(inherited) @executable_path/Frameworks @loader_path/Frameworks";
				PRODUCT_NAME = "$(TARGET_NAME)";
				TEST_HOST = "$(BUILT_PRODUCTS_DIR)/ASRadial.app/ASRadial";
			};
			name = Release;
		};
/* End XCBuildConfiguration section */

/* Begin XCConfigurationList section */
		54AFBA271A59FB560077AD88 /* Build configuration list for PBXProject "ASRadial" */ = {
			isa = XCConfigurationList;
			buildConfigurations = (
				54AFBA491A59FB570077AD88 /* Debug */,
				54AFBA4A1A59FB570077AD88 /* Release */,
			);
			defaultConfigurationIsVisible = 0;
			defaultConfigurationName = Release;
		};
		54AFBA4B1A59FB570077AD88 /* Build configuration list for PBXNativeTarget "ASRadial" */ = {
			isa = XCConfigurationList;
			buildConfigurations = (
				54AFBA4C1A59FB570077AD88 /* Debug */,
				54AFBA4D1A59FB570077AD88 /* Release */,
			);
			defaultConfigurationIsVisible = 0;
		};
		54AFBA4E1A59FB570077AD88 /* Build configuration list for PBXNativeTarget "ASRadialTests" */ = {
			isa = XCConfigurationList;
			buildConfigurations = (
				54AFBA4F1A59FB570077AD88 /* Debug */,
				54AFBA501A59FB570077AD88 /* Release */,
			);
			defaultConfigurationIsVisible = 0;
		};
/* End XCConfigurationList section */
	};
	rootObject = 54AFBA241A59FB560077AD88 /* Project object */;
}
